
Microsoft Visual Studio Solution File, Format Version 12.00
# Visual Studio Version 17
VisualStudioVersion = 17.6.33829.357
MinimumVisualStudioVersion = 10.0.40219.1
Project("{FAE04EC0-301F-11D3-BF4B-00C04F79EFBC}") = "GestionProjetClient", "GestionProjetClient\GestionProjetClient.csproj", "{97C7A5D8-4D6B-4E8D-ACB4-AE5E6F2CBDA2}"
EndProject
Global
	GlobalSection(SolutionConfigurationPlatforms) = preSolution
		Debug|ARM64 = Debug|ARM64
		Debug|x64 = Debug|x64
		Debug|x86 = Debug|x86
		Release|ARM64 = Release|ARM64
		Release|x64 = Release|x64
		Release|x86 = Release|x86
	EndGlobalSection
	GlobalSection(ProjectConfigurationPlatforms) = postSolution
		{97C7A5D8-4D6B-4E8D-ACB4-AE5E6F2CBDA2}.Debug|ARM64.ActiveCfg = Debug|ARM64
		{97C7A5D8-4D6B-4E8D-ACB4-AE5E6F2CBDA2}.Debug|ARM64.Build.0 = Debug|ARM64
		{97C7A5D8-4D6B-4E8D-ACB4-AE5E6F2CBDA2}.Debug|ARM64.Deploy.0 = Debug|ARM64
		{97C7A5D8-4D6B-4E8D-ACB4-AE5E6F2CBDA2}.Debug|x64.ActiveCfg = Debug|x64
		{97C7A5D8-4D6B-4E8D-ACB4-AE5E6F2CBDA2}.Debug|x64.Build.0 = Debug|x64
		{97C7A5D8-4D6B-4E8D-ACB4-AE5E6F2CBDA2}.Debug|x64.Deploy.0 = Debug|x64
		{97C7A5D8-4D6B-4E8D-ACB4-AE5E6F2CBDA2}.Debug|x86.ActiveCfg = Debug|x86
		{97C7A5D8-4D6B-4E8D-ACB4-AE5E6F2CBDA2}.Debug|x86.Build.0 = Debug|x86
		{97C7A5D8-4D6B-4E8D-ACB4-AE5E6F2CBDA2}.Debug|x86.Deploy.0 = Debug|x86
		{97C7A5D8-4D6B-4E8D-ACB4-AE5E6F2CBDA2}.Release|ARM64.ActiveCfg = Release|ARM64
		{97C7A5D8-4D6B-4E8D-ACB4-AE5E6F2CBDA2}.Release|ARM64.Build.0 = Release|ARM64
		{97C7A5D8-4D6B-4E8D-ACB4-AE5E6F2CBDA2}.Release|ARM64.Deploy.0 = Release|ARM64
		{97C7A5D8-4D6B-4E8D-ACB4-AE5E6F2CBDA2}.Release|x64.ActiveCfg = Release|x64
		{97C7A5D8-4D6B-4E8D-ACB4-AE5E6F2CBDA2}.Release|x64.Build.0 = Release|x64
		{97C7A5D8-4D6B-4E8D-ACB4-AE5E6F2CBDA2}.Release|x64.Deploy.0 = Release|x64
		{97C7A5D8-4D6B-4E8D-ACB4-AE5E6F2CBDA2}.Release|x86.ActiveCfg = Release|x86
		{97C7A5D8-4D6B-4E8D-ACB4-AE5E6F2CBDA2}.Release|x86.Build.0 = Release|x86
		{97C7A5D8-4D6B-4E8D-ACB4-AE5E6F2CBDA2}.Release|x86.Deploy.0 = Release|x86
	EndGlobalSection
	GlobalSection(SolutionProperties) = preSolution
		HideSolutionNode = FALSE
	EndGlobalSection
	GlobalSection(ExtensibilityGlobals) = postSolution
		SolutionGuid = {F84576D6-DF58-4DFE-98AE-41D15ACEEFA9}
	EndGlobalSection
EndGlobal
